
Microsoft Visual Studio Solution File, Format Version 12.00
# Visual Studio Version 17
VisualStudioVersion = 17.9.34728.123
MinimumVisualStudioVersion = 10.0.40219.1
Project("{FAE04EC0-301F-11D3-BF4B-00C04F79EFBC}") = "finalpractiv", "finalpractiv\finalpractiv.csproj", "{96390B80-2391-415A-BF99-253A9D272417}"
EndProject
Global
	GlobalSection(SolutionConfigurationPlatforms) = preSolution
		Debug|Any CPU = Debug|Any CPU
		Release|Any CPU = Release|Any CPU
	EndGlobalSection
	GlobalSection(ProjectConfigurationPlatforms) = postSolution
		{96390B80-2391-415A-BF99-253A9D272417}.Debug|Any CPU.ActiveCfg = Debug|Any CPU
		{96390B80-2391-415A-BF99-253A9D272417}.Debug|Any CPU.Build.0 = Debug|Any CPU
		{96390B80-2391-415A-BF99-253A9D272417}.Release|Any CPU.ActiveCfg = Release|Any CPU
		{96390B80-2391-415A-BF99-253A9D272417}.Release|Any CPU.Build.0 = Release|Any CPU
	EndGlobalSection
	GlobalSection(SolutionProperties) = preSolution
		HideSolutionNode = FALSE
	EndGlobalSection
	GlobalSection(ExtensibilityGlobals) = postSolution
		SolutionGuid = {05967F84-0EF7-4485-8577-9D410D3728A6}
	EndGlobalSection
EndGlobal
