
Microsoft Visual Studio Solution File, Format Version 12.00
# Visual Studio Version 17
VisualStudioVersion = 17.8.34525.116
MinimumVisualStudioVersion = 10.0.40219.1
Project("{FAE04EC0-301F-11D3-BF4B-00C04F79EFBC}") = "midpractice", "midpractice\midpractice.csproj", "{4FED38DD-AE0B-48D1-96E4-FEE6CC6D9236}"
EndProject
Global
	GlobalSection(SolutionConfigurationPlatforms) = preSolution
		Debug|Any CPU = Debug|Any CPU
		Release|Any CPU = Release|Any CPU
	EndGlobalSection
	GlobalSection(ProjectConfigurationPlatforms) = postSolution
		{4FED38DD-AE0B-48D1-96E4-FEE6CC6D9236}.Debug|Any CPU.ActiveCfg = Debug|Any CPU
		{4FED38DD-AE0B-48D1-96E4-FEE6CC6D9236}.Debug|Any CPU.Build.0 = Debug|Any CPU
		{4FED38DD-AE0B-48D1-96E4-FEE6CC6D9236}.Release|Any CPU.ActiveCfg = Release|Any CPU
		{4FED38DD-AE0B-48D1-96E4-FEE6CC6D9236}.Release|Any CPU.Build.0 = Release|Any CPU
	EndGlobalSection
	GlobalSection(SolutionProperties) = preSolution
		HideSolutionNode = FALSE
	EndGlobalSection
	GlobalSection(ExtensibilityGlobals) = postSolution
		SolutionGuid = {8FF45B90-5DD9-48E0-B9D9-5FD148922210}
	EndGlobalSection
EndGlobal
